
Microsoft Visual Studio Solution File, Format Version 12.00
# Visual Studio Version 17
VisualStudioVersion = 17.13.35806.99
MinimumVisualStudioVersion = 10.0.40219.1
Project("{FAE04EC0-301F-11D3-BF4B-00C04F79EFBC}") = "POEMPricing", "POEMPricing.csproj", "{C3AD4081-D9FB-4FD6-8EC6-BE19530C4093}"
EndProject
Project("{FAE04EC0-301F-11D3-BF4B-00C04F79EFBC}") = "POEM.Model", "..\POEM.Model\POEM.Model.csproj", "{DCE41DEF-2F51-480B-BBBB-775D829E9AAF}"
EndProject
Project("{FAE04EC0-301F-11D3-BF4B-00C04F79EFBC}") = "POEM.Services", "..\POEM.Services\POEM.Services.csproj", "{8B3E8829-A172-4EDA-9560-254DDF480414}"
EndProject
Global
	GlobalSection(SolutionConfigurationPlatforms) = preSolution
		Debug|Any CPU = Debug|Any CPU
		Release|Any CPU = Release|Any CPU
	EndGlobalSection
	GlobalSection(ProjectConfigurationPlatforms) = postSolution
		{C3AD4081-D9FB-4FD6-8EC6-BE19530C4093}.Debug|Any CPU.ActiveCfg = Debug|Any CPU
		{C3AD4081-D9FB-4FD6-8EC6-BE19530C4093}.Debug|Any CPU.Build.0 = Debug|Any CPU
		{C3AD4081-D9FB-4FD6-8EC6-BE19530C4093}.Release|Any CPU.ActiveCfg = Release|Any CPU
		{C3AD4081-D9FB-4FD6-8EC6-BE19530C4093}.Release|Any CPU.Build.0 = Release|Any CPU
		{DCE41DEF-2F51-480B-BBBB-775D829E9AAF}.Debug|Any CPU.ActiveCfg = Debug|Any CPU
		{DCE41DEF-2F51-480B-BBBB-775D829E9AAF}.Debug|Any CPU.Build.0 = Debug|Any CPU
		{DCE41DEF-2F51-480B-BBBB-775D829E9AAF}.Release|Any CPU.ActiveCfg = Release|Any CPU
		{DCE41DEF-2F51-480B-BBBB-775D829E9AAF}.Release|Any CPU.Build.0 = Release|Any CPU
		{8B3E8829-A172-4EDA-9560-254DDF480414}.Debug|Any CPU.ActiveCfg = Debug|Any CPU
		{8B3E8829-A172-4EDA-9560-254DDF480414}.Debug|Any CPU.Build.0 = Debug|Any CPU
		{8B3E8829-A172-4EDA-9560-254DDF480414}.Release|Any CPU.ActiveCfg = Release|Any CPU
		{8B3E8829-A172-4EDA-9560-254DDF480414}.Release|Any CPU.Build.0 = Release|Any CPU
	EndGlobalSection
	GlobalSection(SolutionProperties) = preSolution
		HideSolutionNode = FALSE
	EndGlobalSection
	GlobalSection(ExtensibilityGlobals) = postSolution
		SolutionGuid = {7AE7A0C0-EF41-445B-B50D-EC2923D1D07E}
	EndGlobalSection
EndGlobal
